
Microsoft Visual Studio Solution File, Format Version 12.00
# Visual Studio 14
VisualStudioVersion = 14.0.25123.0
MinimumVisualStudioVersion = 10.0.40219.1
Project("{FAE04EC0-301F-11D3-BF4B-00C04F79EFBC}") = "rpn_calculator", "rpn_calculator\rpn_calculator.csproj", "{AD74841F-4B0A-4B66-BE1F-6BADD4C8DF7F}"
EndProject
Project("{FAE04EC0-301F-11D3-BF4B-00C04F79EFBC}") = "rpn_calculatorTests", "rpn_calcolatorTest\rpn_calculatorTests.csproj", "{0CC82C28-F30E-4C81-B578-17D0CFE9F631}"
EndProject
Global
	GlobalSection(SolutionConfigurationPlatforms) = preSolution
		Debug|Any CPU = Debug|Any CPU
		Release|Any CPU = Release|Any CPU
	EndGlobalSection
	GlobalSection(ProjectConfigurationPlatforms) = postSolution
		{AD74841F-4B0A-4B66-BE1F-6BADD4C8DF7F}.Debug|Any CPU.ActiveCfg = Debug|Any CPU
		{AD74841F-4B0A-4B66-BE1F-6BADD4C8DF7F}.Debug|Any CPU.Build.0 = Debug|Any CPU
		{AD74841F-4B0A-4B66-BE1F-6BADD4C8DF7F}.Release|Any CPU.ActiveCfg = Release|Any CPU
		{AD74841F-4B0A-4B66-BE1F-6BADD4C8DF7F}.Release|Any CPU.Build.0 = Release|Any CPU
		{0CC82C28-F30E-4C81-B578-17D0CFE9F631}.Debug|Any CPU.ActiveCfg = Debug|Any CPU
		{0CC82C28-F30E-4C81-B578-17D0CFE9F631}.Debug|Any CPU.Build.0 = Debug|Any CPU
		{0CC82C28-F30E-4C81-B578-17D0CFE9F631}.Release|Any CPU.ActiveCfg = Release|Any CPU
		{0CC82C28-F30E-4C81-B578-17D0CFE9F631}.Release|Any CPU.Build.0 = Release|Any CPU
	EndGlobalSection
	GlobalSection(SolutionProperties) = preSolution
		HideSolutionNode = FALSE
	EndGlobalSection
EndGlobal
